
Microsoft Visual Studio Solution File, Format Version 12.00
# Visual Studio Version 16
VisualStudioVersion = 16.6.30114.105
MinimumVisualStudioVersion = 10.0.40219.1
Project("{9A19103F-16F7-4668-BE54-9A1E7A4F7556}") = "R5T.T0069", "R5T.T0069\R5T.T0069.csproj", "{F06C4629-0D6B-4890-90FC-CD4A12F0A2D1}"
EndProject
Project("{2150E333-8FDC-42A3-9474-1A3956D46DE8}") = "_Dependencies", "_Dependencies", "{E9422DB5-2C0F-4314-B374-EE72FAF6FD45}"
EndProject
Project("{9A19103F-16F7-4668-BE54-9A1E7A4F7556}") = "R5T.T0039.T002", "..\..\R5T.T0039\source\R5T.T0039.T002\R5T.T0039.T002.csproj", "{3A37BBE0-70E3-4020-8673-B145D018D0AC}"
EndProject
Project("{9A19103F-16F7-4668-BE54-9A1E7A4F7556}") = "R5T.T0069.X001", "R5T.T0069.X001\R5T.T0069.X001.csproj", "{B713F1AA-86F5-4F1D-8A2B-9630F5140C1A}"
EndProject
Project("{9A19103F-16F7-4668-BE54-9A1E7A4F7556}") = "R5T.L0013", "..\..\R5T.L0013\source\R5T.L0013\R5T.L0013.csproj", "{F7060A9A-DB6B-456D-8CE5-F7456260363A}"
EndProject
Global
	GlobalSection(SolutionConfigurationPlatforms) = preSolution
		Debug|Any CPU = Debug|Any CPU
		Debug|x64 = Debug|x64
		Debug|x86 = Debug|x86
		Release|Any CPU = Release|Any CPU
		Release|x64 = Release|x64
		Release|x86 = Release|x86
	EndGlobalSection
	GlobalSection(ProjectConfigurationPlatforms) = postSolution
		{F06C4629-0D6B-4890-90FC-CD4A12F0A2D1}.Debug|Any CPU.ActiveCfg = Debug|Any CPU
		{F06C4629-0D6B-4890-90FC-CD4A12F0A2D1}.Debug|Any CPU.Build.0 = Debug|Any CPU
		{F06C4629-0D6B-4890-90FC-CD4A12F0A2D1}.Debug|x64.ActiveCfg = Debug|Any CPU
		{F06C4629-0D6B-4890-90FC-CD4A12F0A2D1}.Debug|x64.Build.0 = Debug|Any CPU
		{F06C4629-0D6B-4890-90FC-CD4A12F0A2D1}.Debug|x86.ActiveCfg = Debug|Any CPU
		{F06C4629-0D6B-4890-90FC-CD4A12F0A2D1}.Debug|x86.Build.0 = Debug|Any CPU
		{F06C4629-0D6B-4890-90FC-CD4A12F0A2D1}.Release|Any CPU.ActiveCfg = Release|Any CPU
		{F06C4629-0D6B-4890-90FC-CD4A12F0A2D1}.Release|Any CPU.Build.0 = Release|Any CPU
		{F06C4629-0D6B-4890-90FC-CD4A12F0A2D1}.Release|x64.ActiveCfg = Release|Any CPU
		{F06C4629-0D6B-4890-90FC-CD4A12F0A2D1}.Release|x64.Build.0 = Release|Any CPU
		{F06C4629-0D6B-4890-90FC-CD4A12F0A2D1}.Release|x86.ActiveCfg = Release|Any CPU
		{F06C4629-0D6B-4890-90FC-CD4A12F0A2D1}.Release|x86.Build.0 = Release|Any CPU
		{3A37BBE0-70E3-4020-8673-B145D018D0AC}.Debug|Any CPU.ActiveCfg = Debug|Any CPU
		{3A37BBE0-70E3-4020-8673-B145D018D0AC}.Debug|Any CPU.Build.0 = Debug|Any CPU
		{3A37BBE0-70E3-4020-8673-B145D018D0AC}.Debug|x64.ActiveCfg = Debug|Any CPU
		{3A37BBE0-70E3-4020-8673-B145D018D0AC}.Debug|x64.Build.0 = Debug|Any CPU
		{3A37BBE0-70E3-4020-8673-B145D018D0AC}.Debug|x86.ActiveCfg = Debug|Any CPU
		{3A37BBE0-70E3-4020-8673-B145D018D0AC}.Debug|x86.Build.0 = Debug|Any CPU
		{3A37BBE0-70E3-4020-8673-B145D018D0AC}.Release|Any CPU.ActiveCfg = Release|Any CPU
		{3A37BBE0-70E3-4020-8673-B145D018D0AC}.Release|Any CPU.Build.0 = Release|Any CPU
		{3A37BBE0-70E3-4020-8673-B145D018D0AC}.Release|x64.ActiveCfg = Release|Any CPU
		{3A37BBE0-70E3-4020-8673-B145D018D0AC}.Release|x64.Build.0 = Release|Any CPU
		{3A37BBE0-70E3-4020-8673-B145D018D0AC}.Release|x86.ActiveCfg = Release|Any CPU
		{3A37BBE0-70E3-4020-8673-B145D018D0AC}.Release|x86.Build.0 = Release|Any CPU
		{B713F1AA-86F5-4F1D-8A2B-9630F5140C1A}.Debug|Any CPU.ActiveCfg = Debug|Any CPU
		{B713F1AA-86F5-4F1D-8A2B-9630F5140C1A}.Debug|Any CPU.Build.0 = Debug|Any CPU
		{B713F1AA-86F5-4F1D-8A2B-9630F5140C1A}.Debug|x64.ActiveCfg = Debug|Any CPU
		{B713F1AA-86F5-4F1D-8A2B-9630F5140C1A}.Debug|x64.Build.0 = Debug|Any CPU
		{B713F1AA-86F5-4F1D-8A2B-9630F5140C1A}.Debug|x86.ActiveCfg = Debug|Any CPU
		{B713F1AA-86F5-4F1D-8A2B-9630F5140C1A}.Debug|x86.Build.0 = Debug|Any CPU
		{B713F1AA-86F5-4F1D-8A2B-9630F5140C1A}.Release|Any CPU.ActiveCfg = Release|Any CPU
		{B713F1AA-86F5-4F1D-8A2B-9630F5140C1A}.Release|Any CPU.Build.0 = Release|Any CPU
		{B713F1AA-86F5-4F1D-8A2B-9630F5140C1A}.Release|x64.ActiveCfg = Release|Any CPU
		{B713F1AA-86F5-4F1D-8A2B-9630F5140C1A}.Release|x64.Build.0 = Release|Any CPU
		{B713F1AA-86F5-4F1D-8A2B-9630F5140C1A}.Release|x86.ActiveCfg = Release|Any CPU
		{B713F1AA-86F5-4F1D-8A2B-9630F5140C1A}.Release|x86.Build.0 = Release|Any CPU
		{F7060A9A-DB6B-456D-8CE5-F7456260363A}.Debug|Any CPU.ActiveCfg = Debug|Any CPU
		{F7060A9A-DB6B-456D-8CE5-F7456260363A}.Debug|Any CPU.Build.0 = Debug|Any CPU
		{F7060A9A-DB6B-456D-8CE5-F7456260363A}.Debug|x64.ActiveCfg = Debug|Any CPU
		{F7060A9A-DB6B-456D-8CE5-F7456260363A}.Debug|x64.Build.0 = Debug|Any CPU
		{F7060A9A-DB6B-456D-8CE5-F7456260363A}.Debug|x86.ActiveCfg = Debug|Any CPU
		{F7060A9A-DB6B-456D-8CE5-F7456260363A}.Debug|x86.Build.0 = Debug|Any CPU
		{F7060A9A-DB6B-456D-8CE5-F7456260363A}.Release|Any CPU.ActiveCfg = Release|Any CPU
		{F7060A9A-DB6B-456D-8CE5-F7456260363A}.Release|Any CPU.Build.0 = Release|Any CPU
		{F7060A9A-DB6B-456D-8CE5-F7456260363A}.Release|x64.ActiveCfg = Release|Any CPU
		{F7060A9A-DB6B-456D-8CE5-F7456260363A}.Release|x64.Build.0 = Release|Any CPU
		{F7060A9A-DB6B-456D-8CE5-F7456260363A}.Release|x86.ActiveCfg = Release|Any CPU
		{F7060A9A-DB6B-456D-8CE5-F7456260363A}.Release|x86.Build.0 = Release|Any CPU
	EndGlobalSection
	GlobalSection(SolutionProperties) = preSolution
		HideSolutionNode = FALSE
	EndGlobalSection
	GlobalSection(NestedProjects) = preSolution
		{3A37BBE0-70E3-4020-8673-B145D018D0AC} = {E9422DB5-2C0F-4314-B374-EE72FAF6FD45}
		{F7060A9A-DB6B-456D-8CE5-F7456260363A} = {E9422DB5-2C0F-4314-B374-EE72FAF6FD45}
	EndGlobalSection
	GlobalSection(ExtensibilityGlobals) = postSolution
		SolutionGuid = {84A83DFF-AF52-4AB6-BC76-8D96C9C2F735}
	EndGlobalSection
EndGlobal
